<?xml version="1.0" encoding="utf-8"?>
<Project ToolsVersion="4.0" xmlns="http://schemas.microsoft.com/developer/msbuild/2003">
  <ItemGroup>
    <Filter Include="Source Files">
      <UniqueIdentifier>{4FC737F1-C7A5-4376-A066-2A32D752A2FF}</UniqueIdentifier>
      <Extensions>cpp;c;cc;cxx;def;odl;idl;hpj;bat;asm;asmx</Extensions>
    </Filter>
    <Filter Include="Header Files">
      <UniqueIdentifier>{93995380-89BD-4b04-88EB-625FBE52EBFB}</UniqueIdentifier>
      <Extensions>h;hh;hpp;hxx;hm;inl;inc;xsd</Extensions>
    </Filter>
    <Filter Include="Resource Files">
      <UniqueIdentifier>{67DA6AB6-F800-4c08-8B7A-83BB121AAD01}</UniqueIdentifier>
      <Extensions>rc;ico;cur;bmp;dlg;rc2;rct;bin;rgs;gif;jpg;jpeg;jpe;resx;tiff;tif;png;wav;mfcribbon-ms</Extensions>
    </Filter>
    <Filter Include="Shaders">
      <UniqueIdentifier>{f0082c2d-34a0-434b-b000-c92a48f4cffd}</UniqueIdentifier>
    </Filter>
  </ItemGroup>
  <ItemGroup>
    <ClCompile Include="..\src\main.cpp">
      <Filter>Source Files</Filter>
    </ClCompile>
    <ClCompile Include="..\src\Shader.cpp">
      <Filter>Source Files</Filter>
    </ClCompile>
    <ClCompile Include="..\src\Texture.cpp">
      <Filter>Source Files</Filter>
    </ClCompile>
    <ClCompile Include="..\src\Camera.cpp">
      <Filter>Source Files</Filter>
    </ClCompile>
    <ClCompile Include="..\src\Component.cpp">
      <Filter>Source Files</Filter>
    </ClCompile>
    <ClCompile Include="..\src\GameObject.cpp">
      <Filter>Source Files</Filter>
    </ClCompile>
    <ClCompile Include="..\src\Material.cpp">
      <Filter>Source Files</Filter>
    </ClCompile>
    <ClCompile Include="..\src\Mesh.cpp">
      <Filter>Source Files</Filter>
    </ClCompile>
    <ClCompile Include="..\src\Transform.cpp">
      <Filter>Source Files</Filter>
    </ClCompile>
    <ClCompile Include="..\src\Light.cpp">
      <Filter>Source Files</Filter>
    </ClCompile>
    <ClCompile Include="..\src\FBXLoader.cpp">
      <Filter>Source Files</Filter>
    </ClCompile>
    <ClCompile Include="..\src\primitiveType.cpp">
      <Filter>Source Files</Filter>
    </ClCompile>
    <ClCompile Include="..\src\SkyBox.cpp">
      <Filter>Source Files</Filter>
    </ClCompile>
    <ClCompile Include="..\src\ScreenManager.cpp">
      <Filter>Source Files</Filter>
    </ClCompile>
    <ClCompile Include="..\src\SplashScreen.cpp">
      <Filter>Source Files</Filter>
    </ClCompile>
    <ClCompile Include="..\src\gameScreen.cpp">
      <Filter>Source Files</Filter>
    </ClCompile>
    <ClCompile Include="..\src\TitleScreen.cpp">
      <Filter>Source Files</Filter>
    </ClCompile>
    <ClCompile Include="..\src\PostProcessing.cpp">
      <Filter>Source Files</Filter>
    </ClCompile>
  </ItemGroup>
  <ItemGroup>
    <ClInclude Include="..\headers\Vertex.h">
      <Filter>Header Files</Filter>
    </ClInclude>
    <ClInclude Include="..\headers\Shader.h">
      <Filter>Header Files</Filter>
    </ClInclude>
    <ClInclude Include="..\headers\Texture.h">
      <Filter>Header Files</Filter>
    </ClInclude>
    <ClInclude Include="..\headers\Camera.h">
      <Filter>Header Files</Filter>
    </ClInclude>
    <ClInclude Include="..\headers\Component.h">
      <Filter>Header Files</Filter>
    </ClInclude>
    <ClInclude Include="..\headers\GameObject.h">
      <Filter>Header Files</Filter>
    </ClInclude>
    <ClInclude Include="..\headers\Material.h">
      <Filter>Header Files</Filter>
    </ClInclude>
    <ClInclude Include="..\headers\Mesh.h">
      <Filter>Header Files</Filter>
    </ClInclude>
    <ClInclude Include="..\headers\Transform.h">
      <Filter>Header Files</Filter>
    </ClInclude>
    <ClInclude Include="..\headers\Light.h">
      <Filter>Header Files</Filter>
    </ClInclude>
    <ClInclude Include="..\headers\FBXLoader.h">
      <Filter>Header Files</Filter>
    </ClInclude>
    <ClInclude Include="..\headers\primitiveType.h">
      <Filter>Header Files</Filter>
    </ClInclude>
    <ClInclude Include="SceneGraph.h">
      <Filter>Header Files</Filter>
    </ClInclude>
    <ClInclude Include="..\headers\SkyBox.h">
      <Filter>Header Files</Filter>
    </ClInclude>
    <ClInclude Include="..\headers\gameScreen.h">
      <Filter>Header Files</Filter>
    </ClInclude>
    <ClInclude Include="..\headers\ScreenManager.h">
      <Filter>Header Files</Filter>
    </ClInclude>
    <ClInclude Include="..\headers\SplashScreen.h">
      <Filter>Header Files</Filter>
    </ClInclude>
    <ClInclude Include="..\headers\TitleScreen.h">
      <Filter>Header Files</Filter>
    </ClInclude>
    <ClInclude Include="..\headers\PostProcessing.h">
      <Filter>Header Files</Filter>
    </ClInclude>
    <ClInclude Include="..\headers\ColourFilters.h">
      <Filter>Header Files</Filter>
    </ClInclude>
  </ItemGroup>
  <ItemGroup>
    <None Include="..\assets\shaders\simpleFS.glsl">
      <Filter>Shaders</Filter>
    </None>
    <None Include="..\assets\shaders\simpleVS.glsl">
      <Filter>Shaders</Filter>
    </None>
    <None Include="..\assets\shaders\vertexColourFS.glsl">
      <Filter>Shaders</Filter>
    </None>
    <None Include="..\assets\shaders\vertexColourVS.glsl">
      <Filter>Shaders</Filter>
    </None>
    <None Include="..\assets\shaders\textureFS.glsl">
      <Filter>Shaders</Filter>
    </None>
    <None Include="..\assets\shaders\textureVS.glsl">
      <Filter>Shaders</Filter>
    </None>
    <None Include="..\assets\shaders\vertexColourTextureFS.glsl">
      <Filter>Shaders</Filter>
    </None>
    <None Include="..\assets\shaders\vertexColourTextureVS.glsl">
      <Filter>Shaders</Filter>
    </None>
    <None Include="..\assets\shaders\ambientFS.glsl">
      <Filter>Shaders</Filter>
    </None>
    <None Include="..\assets\shaders\ambientVS.glsl">
      <Filter>Shaders</Filter>
    </None>
    <None Include="..\assets\shaders\diffuseFS.glsl">
      <Filter>Shaders</Filter>
    </None>
    <None Include="..\assets\shaders\diffuseVS.glsl">
      <Filter>Shaders</Filter>
    </None>
    <None Include="..\assets\shaders\specularFS.glsl">
      <Filter>Shaders</Filter>
    </None>
    <None Include="..\assets\shaders\specularVS.glsl">
      <Filter>Shaders</Filter>
    </None>
    <None Include="..\assets\shaders\specularFSPerPixel.glsl">
      <Filter>Shaders</Filter>
    </None>
    <None Include="..\assets\shaders\specularVSPerPixel.glsl">
      <Filter>Shaders</Filter>
    </None>
    <None Include="..\assets\shaders\DirectionalLightTextureFS.glsl">
      <Filter>Shaders</Filter>
    </None>
    <None Include="..\assets\shaders\DirectionalLightTextureVS.glsl">
      <Filter>Shaders</Filter>
    </None>
    <None Include="..\assets\shaders\BumpmappingVS.glsl">
      <Filter>Shaders</Filter>
    </None>
    <None Include="..\assets\shaders\BumpmappingFS.glsl">
      <Filter>Shaders</Filter>
    </None>
    <None Include="..\assets\shaders\ParallaxMappingVS.glsl">
      <Filter>Shaders</Filter>
    </None>
    <None Include="..\assets\shaders\ParallaxMappingFS.glsl">
      <Filter>Shaders</Filter>
    </None>
    <None Include="..\assets\shaders\skyFS.glsl">
      <Filter>Shaders</Filter>
    </None>
    <None Include="..\assets\shaders\skyVS.glsl">
      <Filter>Shaders</Filter>
    </None>
    <None Include="..\assets\shaders\pointLightFS.glsl">
      <Filter>Shaders</Filter>
    </None>
    <None Include="..\assets\shaders\pointLightVS.glsl">
      <Filter>Shaders</Filter>
    </None>
    <None Include="..\assets\shaders\reflectionFS.glsl">
      <Filter>Shaders</Filter>
    </None>
    <None Include="..\assets\shaders\reflectionVS.glsl">
      <Filter>Shaders</Filter>
    </None>
    <None Include="..\assets\shaders\boxFilterBlurFS.glsl">
      <Filter>Shaders</Filter>
    </None>
    <None Include="..\assets\shaders\colourFilterPostFS.glsl">
      <Filter>Shaders</Filter>
    </None>
    <None Include="..\assets\shaders\passThroughVS.glsl">
      <Filter>Shaders</Filter>
    </None>
    <None Include="..\assets\shaders\simplePostProcessVS.glsl">
      <Filter>Shaders</Filter>
    </None>
    <None Include="..\assets\shaders\lightIntensityFS.glsl">
      <Filter>Shaders</Filter>
    </None>
  </ItemGroup>
</Project>